// !$*UTF8*$!
{
	archiveVersion = 1;
	classes = {
	};
	objectVersion = 50;
	objects = {

/* Begin PBXBuildFile section */
		16E6C13D23838ED600B9EA75 /* BeverageTableViewController.swift in Sources */ = {isa = PBXBuildFile; fileRef = 16E6C13C23838ED600B9EA75 /* BeverageTableViewController.swift */; };
		16E6C13F2383903B00B9EA75 /* BeverageTableViewCell.swift in Sources */ = {isa = PBXBuildFile; fileRef = 16E6C13E2383903B00B9EA75 /* BeverageTableViewCell.swift */; };
		16E6C1412383939E00B9EA75 /* BeverageData.swift in Sources */ = {isa = PBXBuildFile; fileRef = 16E6C1402383939E00B9EA75 /* BeverageData.swift */; };
		561A2B1D238381B900AC7651 /* AppDelegate.swift in Sources */ = {isa = PBXBuildFile; fileRef = 561A2B1C238381B900AC7651 /* AppDelegate.swift */; };
		561A2B1F238381B900AC7651 /* SceneDelegate.swift in Sources */ = {isa = PBXBuildFile; fileRef = 561A2B1E238381B900AC7651 /* SceneDelegate.swift */; };
		561A2B21238381B900AC7651 /* MainViewController.swift in Sources */ = {isa = PBXBuildFile; fileRef = 561A2B20238381B900AC7651 /* MainViewController.swift */; };
		561A2B24238381B900AC7651 /* Main.storyboard in Resources */ = {isa = PBXBuildFile; fileRef = 561A2B22238381B900AC7651 /* Main.storyboard */; };
		561A2B26238381BA00AC7651 /* Assets.xcassets in Resources */ = {isa = PBXBuildFile; fileRef = 561A2B25238381BA00AC7651 /* Assets.xcassets */; };
		561A2B29238381BA00AC7651 /* LaunchScreen.storyboard in Resources */ = {isa = PBXBuildFile; fileRef = 561A2B27238381BA00AC7651 /* LaunchScreen.storyboard */; };
		561A2B322383822D00AC7651 /* BathHouse.storyboard in Resources */ = {isa = PBXBuildFile; fileRef = 561A2B312383822D00AC7651 /* BathHouse.storyboard */; };
		561A2B342383825600AC7651 /* Beverage.storyboard in Resources */ = {isa = PBXBuildFile; fileRef = 561A2B332383825600AC7651 /* Beverage.storyboard */; };
		561A2B362383907200AC7651 /* BathHouseViewController.swift in Sources */ = {isa = PBXBuildFile; fileRef = 561A2B352383907200AC7651 /* BathHouseViewController.swift */; };
		561A2B382383957400AC7651 /* BathHouseCollectionViewCell.swift in Sources */ = {isa = PBXBuildFile; fileRef = 561A2B372383957400AC7651 /* BathHouseCollectionViewCell.swift */; };
		561A2B3A23839DBE00AC7651 /* Api.swift in Sources */ = {isa = PBXBuildFile; fileRef = 561A2B3923839DBE00AC7651 /* Api.swift */; };
/* End PBXBuildFile section */

/* Begin PBXFileReference section */
		16E6C13C23838ED600B9EA75 /* BeverageTableViewController.swift */ = {isa = PBXFileReference; lastKnownFileType = sourcecode.swift; path = BeverageTableViewController.swift; sourceTree = "<group>"; };
		16E6C13E2383903B00B9EA75 /* BeverageTableViewCell.swift */ = {isa = PBXFileReference; lastKnownFileType = sourcecode.swift; path = BeverageTableViewCell.swift; sourceTree = "<group>"; };
		16E6C1402383939E00B9EA75 /* BeverageData.swift */ = {isa = PBXFileReference; lastKnownFileType = sourcecode.swift; path = BeverageData.swift; sourceTree = "<group>"; };
		561A2B19238381B900AC7651 /* BathHouse.app */ = {isa = PBXFileReference; explicitFileType = wrapper.application; includeInIndex = 0; path = BathHouse.app; sourceTree = BUILT_PRODUCTS_DIR; };
		561A2B1C238381B900AC7651 /* AppDelegate.swift */ = {isa = PBXFileReference; lastKnownFileType = sourcecode.swift; path = AppDelegate.swift; sourceTree = "<group>"; };
		561A2B1E238381B900AC7651 /* SceneDelegate.swift */ = {isa = PBXFileReference; lastKnownFileType = sourcecode.swift; path = SceneDelegate.swift; sourceTree = "<group>"; };
		561A2B20238381B900AC7651 /* MainViewController.swift */ = {isa = PBXFileReference; lastKnownFileType = sourcecode.swift; path = MainViewController.swift; sourceTree = "<group>"; };
		561A2B23238381B900AC7651 /* Base */ = {isa = PBXFileReference; lastKnownFileType = file.storyboard; name = Base; path = Base.lproj/Main.storyboard; sourceTree = "<group>"; };
		561A2B25238381BA00AC7651 /* Assets.xcassets */ = {isa = PBXFileReference; lastKnownFileType = folder.assetcatalog; path = Assets.xcassets; sourceTree = "<group>"; };
		561A2B28238381BA00AC7651 /* Base */ = {isa = PBXFileReference; lastKnownFileType = file.storyboard; name = Base; path = Base.lproj/LaunchScreen.storyboard; sourceTree = "<group>"; };
		561A2B2A238381BA00AC7651 /* Info.plist */ = {isa = PBXFileReference; lastKnownFileType = text.plist.xml; path = Info.plist; sourceTree = "<group>"; };
		561A2B312383822D00AC7651 /* BathHouse.storyboard */ = {isa = PBXFileReference; lastKnownFileType = file.storyboard; path = BathHouse.storyboard; sourceTree = "<group>"; };
		561A2B332383825600AC7651 /* Beverage.storyboard */ = {isa = PBXFileReference; lastKnownFileType = file.storyboard; path = Beverage.storyboard; sourceTree = "<group>"; };
		561A2B352383907200AC7651 /* BathHouseViewController.swift */ = {isa = PBXFileReference; lastKnownFileType = sourcecode.swift; path = BathHouseViewController.swift; sourceTree = "<group>"; };
		561A2B372383957400AC7651 /* BathHouseCollectionViewCell.swift */ = {isa = PBXFileReference; lastKnownFileType = sourcecode.swift; path = BathHouseCollectionViewCell.swift; sourceTree = "<group>"; };
		561A2B3923839DBE00AC7651 /* Api.swift */ = {isa = PBXFileReference; lastKnownFileType = sourcecode.swift; path = Api.swift; sourceTree = "<group>"; };
/* End PBXFileReference section */

/* Begin PBXFrameworksBuildPhase section */
		561A2B16238381B900AC7651 /* Frameworks */ = {
			isa = PBXFrameworksBuildPhase;
			buildActionMask = 2147483647;
			files = (
			);
			runOnlyForDeploymentPostprocessing = 0;
		};
/* End PBXFrameworksBuildPhase section */

/* Begin PBXGroup section */
		561A2B10238381B800AC7651 = {
			isa = PBXGroup;
			children = (
				561A2B1B238381B900AC7651 /* BathHouse */,
				561A2B1A238381B900AC7651 /* Products */,
			);
			sourceTree = "<group>";
		};
		561A2B1A238381B900AC7651 /* Products */ = {
			isa = PBXGroup;
			children = (
				561A2B19238381B900AC7651 /* BathHouse.app */,
			);
			name = Products;
			sourceTree = "<group>";
		};
		561A2B1B238381B900AC7651 /* BathHouse */ = {
			isa = PBXGroup;
			children = (
				561A2B22238381B900AC7651 /* Main.storyboard */,
				561A2B312383822D00AC7651 /* BathHouse.storyboard */,
				561A2B3923839DBE00AC7651 /* Api.swift */,
				561A2B372383957400AC7651 /* BathHouseCollectionViewCell.swift */,
				16E6C1402383939E00B9EA75 /* BeverageData.swift */,
				16E6C13C23838ED600B9EA75 /* BeverageTableViewController.swift */,
				16E6C13E2383903B00B9EA75 /* BeverageTableViewCell.swift */,
				561A2B332383825600AC7651 /* Beverage.storyboard */,
				561A2B20238381B900AC7651 /* MainViewController.swift */,
				561A2B352383907200AC7651 /* BathHouseViewController.swift */,
				561A2B25238381BA00AC7651 /* Assets.xcassets */,
				561A2B30238381DD00AC7651 /* Supporting Files */,
				561A2B2A238381BA00AC7651 /* Info.plist */,
			);
			path = BathHouse;
			sourceTree = "<group>";
		};
		561A2B30238381DD00AC7651 /* Supporting Files */ = {
			isa = PBXGroup;
			children = (
				561A2B1C238381B900AC7651 /* AppDelegate.swift */,
				561A2B1E238381B900AC7651 /* SceneDelegate.swift */,
				561A2B27238381BA00AC7651 /* LaunchScreen.storyboard */,
			);
			path = "Supporting Files";
			sourceTree = "<group>";
		};
/* End PBXGroup section */

/* Begin PBXNativeTarget section */
		561A2B18238381B900AC7651 /* BathHouse */ = {
			isa = PBXNativeTarget;
			buildConfigurationList = 561A2B2D238381BA00AC7651 /* Build configuration list for PBXNativeTarget "BathHouse" */;
			buildPhases = (
				561A2B15238381B900AC7651 /* Sources */,
				561A2B16238381B900AC7651 /* Frameworks */,
				561A2B17238381B900AC7651 /* Resources */,
			);
			buildRules = (
			);
			dependencies = (
			);
			name = BathHouse;
			productName = BathHouse;
			productReference = 561A2B19238381B900AC7651 /* BathHouse.app */;
			productType = "com.apple.product-type.application";
		};
/* End PBXNativeTarget section */

/* Begin PBXProject section */
		561A2B11238381B800AC7651 /* Project object */ = {
			isa = PBXProject;
			attributes = {
				LastSwiftUpdateCheck = 1120;
				LastUpgradeCheck = 1120;
				ORGANIZATIONNAME = "Jes Yang";
				TargetAttributes = {
					561A2B18238381B900AC7651 = {
						CreatedOnToolsVersion = 11.2;
					};
				};
			};
			buildConfigurationList = 561A2B14238381B900AC7651 /* Build configuration list for PBXProject "BathHouse" */;
			compatibilityVersion = "Xcode 9.3";
			developmentRegion = en;
			hasScannedForEncodings = 0;
			knownRegions = (
				en,
				Base,
			);
			mainGroup = 561A2B10238381B800AC7651;
			productRefGroup = 561A2B1A238381B900AC7651 /* Products */;
			projectDirPath = "";
			projectRoot = "";
			targets = (
				561A2B18238381B900AC7651 /* BathHouse */,
			);
		};
/* End PBXProject section */

/* Begin PBXResourcesBuildPhase section */
		561A2B17238381B900AC7651 /* Resources */ = {
			isa = PBXResourcesBuildPhase;
			buildActionMask = 2147483647;
			files = (
				561A2B29238381BA00AC7651 /* LaunchScreen.storyboard in Resources */,
				561A2B26238381BA00AC7651 /* Assets.xcassets in Resources */,
				561A2B322383822D00AC7651 /* BathHouse.storyboard in Resources */,
				561A2B24238381B900AC7651 /* Main.storyboard in Resources */,
				561A2B342383825600AC7651 /* Beverage.storyboard in Resources */,
			);
			runOnlyForDeploymentPostprocessing = 0;
		};
/* End PBXResourcesBuildPhase section */

/* Begin PBXSourcesBuildPhase section */
		561A2B15238381B900AC7651 /* Sources */ = {
			isa = PBXSourcesBuildPhase;
			buildActionMask = 2147483647;
			files = (
				561A2B382383957400AC7651 /* BathHouseCollectionViewCell.swift in Sources */,
				16E6C1412383939E00B9EA75 /* BeverageData.swift in Sources */,
				16E6C13D23838ED600B9EA75 /* BeverageTableViewController.swift in Sources */,
				561A2B21238381B900AC7651 /* MainViewController.swift in Sources */,
				16E6C13F2383903B00B9EA75 /* BeverageTableViewCell.swift in Sources */,
				561A2B1D238381B900AC7651 /* AppDelegate.swift in Sources */,
				561A2B362383907200AC7651 /* BathHouseViewController.swift in Sources */,
				561A2B3A23839DBE00AC7651 /* Api.swift in Sources */,
				561A2B1F238381B900AC7651 /* SceneDelegate.swift in Sources */,
			);
			runOnlyForDeploymentPostprocessing = 0;
		};
/* End PBXSourcesBuildPhase section */

/* Begin PBXVariantGroup section */
		561A2B22238381B900AC7651 /* Main.storyboard */ = {
			isa = PBXVariantGroup;
			children = (
				561A2B23238381B900AC7651 /* Base */,
			);
			name = Main.storyboard;
			sourceTree = "<group>";
		};
		561A2B27238381BA00AC7651 /* LaunchScreen.storyboard */ = {
			isa = PBXVariantGroup;
			children = (
				561A2B28238381BA00AC7651 /* Base */,
			);
			name = LaunchScreen.storyboard;
			sourceTree = "<group>";
		};
/* End PBXVariantGroup section */

/* Begin XCBuildConfiguration section */
		561A2B2B238381BA00AC7651 /* Debug */ = {
			isa = XCBuildConfiguration;
			buildSettings = {
				ALWAYS_SEARCH_USER_PATHS = NO;
				CLANG_ANALYZER_NONNULL = YES;
				CLANG_ANALYZER_NUMBER_OBJECT_CONVERSION = YES_AGGRESSIVE;
				CLANG_CXX_LANGUAGE_STANDARD = "gnu++14";
				CLANG_CXX_LIBRARY = "libc++";
				CLANG_ENABLE_MODULES = YES;
				CLANG_ENABLE_OBJC_ARC = YES;
				CLANG_ENABLE_OBJC_WEAK = YES;
				CLANG_WARN_BLOCK_CAPTURE_AUTORELEASING = YES;
				CLANG_WARN_BOOL_CONVERSION = YES;
				CLANG_WARN_COMMA = YES;
				CLANG_WARN_CONSTANT_CONVERSION = YES;
				CLANG_WARN_DEPRECATED_OBJC_IMPLEMENTATIONS = YES;
				CLANG_WARN_DIRECT_OBJC_ISA_USAGE = YES_ERROR;
				CLANG_WARN_DOCUMENTATION_COMMENTS = YES;
				CLANG_WARN_EMPTY_BODY = YES;
				CLANG_WARN_ENUM_CONVERSION = YES;
				CLANG_WARN_INFINITE_RECURSION = YES;
				CLANG_WARN_INT_CONVERSION = YES;
				CLANG_WARN_NON_LITERAL_NULL_CONVERSION = YES;
				CLANG_WARN_OBJC_IMPLICIT_RETAIN_SELF = YES;
				CLANG_WARN_OBJC_LITERAL_CONVERSION = YES;
				CLANG_WARN_OBJC_ROOT_CLASS = YES_ERROR;
				CLANG_WARN_RANGE_LOOP_ANALYSIS = YES;
				CLANG_WARN_STRICT_PROTOTYPES = YES;
				CLANG_WARN_SUSPICIOUS_MOVE = YES;
				CLANG_WARN_UNGUARDED_AVAILABILITY = YES_AGGRESSIVE;
				CLANG_WARN_UNREACHABLE_CODE = YES;
				CLANG_WARN__DUPLICATE_METHOD_MATCH = YES;
				COPY_PHASE_STRIP = NO;
				DEBUG_INFORMATION_FORMAT = dwarf;
				ENABLE_STRICT_OBJC_MSGSEND = YES;
				ENABLE_TESTABILITY = YES;
				GCC_C_LANGUAGE_STANDARD = gnu11;
				GCC_DYNAMIC_NO_PIC = NO;
				GCC_NO_COMMON_BLOCKS = YES;
				GCC_OPTIMIZATION_LEVEL = 0;
				GCC_PREPROCESSOR_DEFINITIONS = (
					"DEBUG=1",
					"$(inherited)",
				);
				GCC_WARN_64_TO_32_BIT_CONVERSION = YES;
				GCC_WARN_ABOUT_RETURN_TYPE = YES_ERROR;
				GCC_WARN_UNDECLARED_SELECTOR = YES;
				GCC_WARN_UNINITIALIZED_AUTOS = YES_AGGRESSIVE;
				GCC_WARN_UNUSED_FUNCTION = YES;
				GCC_WARN_UNUSED_VARIABLE = YES;
				IPHONEOS_DEPLOYMENT_TARGET = 13.2;
				MTL_ENABLE_DEBUG_INFO = INCLUDE_SOURCE;
				MTL_FAST_MATH = YES;
				ONLY_ACTIVE_ARCH = YES;
				SDKROOT = iphoneos;
				SWIFT_ACTIVE_COMPILATION_CONDITIONS = DEBUG;
				SWIFT_OPTIMIZATION_LEVEL = "-Onone";
			};
			name = Debug;
		};
		561A2B2C238381BA00AC7651 /* Release */ = {
			isa = XCBuildConfiguration;
			buildSettings = {
				ALWAYS_SEARCH_USER_PATHS = NO;
				CLANG_ANALYZER_NONNULL = YES;
				CLANG_ANALYZER_NUMBER_OBJECT_CONVERSION = YES_AGGRESSIVE;
				CLANG_CXX_LANGUAGE_STANDARD = "gnu++14";
				CLANG_CXX_LIBRARY = "libc++";
				CLANG_ENABLE_MODULES = YES;
				CLANG_ENABLE_OBJC_ARC = YES;
				CLANG_ENABLE_OBJC_WEAK = YES;
				CLANG_WARN_BLOCK_CAPTURE_AUTORELEASING = YES;
				CLANG_WARN_BOOL_CONVERSION = YES;
				CLANG_WARN_COMMA = YES;
				CLANG_WARN_CONSTANT_CONVERSION = YES;
				CLANG_WARN_DEPRECATED_OBJC_IMPLEMENTATIONS = YES;
				CLANG_WARN_DIRECT_OBJC_ISA_USAGE = YES_ERROR;
				CLANG_WARN_DOCUMENTATION_COMMENTS = YES;
				CLANG_WARN_EMPTY_BODY = YES;
				CLANG_WARN_ENUM_CONVERSION = YES;
				CLANG_WARN_INFINITE_RECURSION = YES;
				CLANG_WARN_INT_CONVERSION = YES;
				CLANG_WARN_NON_LITERAL_NULL_CONVERSION = YES;
				CLANG_WARN_OBJC_IMPLICIT_RETAIN_SELF = YES;
				CLANG_WARN_OBJC_LITERAL_CONVERSION = YES;
				CLANG_WARN_OBJC_ROOT_CLASS = YES_ERROR;
				CLANG_WARN_RANGE_LOOP_ANALYSIS = YES;
				CLANG_WARN_STRICT_PROTOTYPES = YES;
				CLANG_WARN_SUSPICIOUS_MOVE = YES;
				CLANG_WARN_UNGUARDED_AVAILABILITY = YES_AGGRESSIVE;
				CLANG_WARN_UNREACHABLE_CODE = YES;
				CLANG_WARN__DUPLICATE_METHOD_MATCH = YES;
				COPY_PHASE_STRIP = NO;
				DEBUG_INFORMATION_FORMAT = "dwarf-with-dsym";
				ENABLE_NS_ASSERTIONS = NO;
				ENABLE_STRICT_OBJC_MSGSEND = YES;
				GCC_C_LANGUAGE_STANDARD = gnu11;
				GCC_NO_COMMON_BLOCKS = YES;
				GCC_WARN_64_TO_32_BIT_CONVERSION = YES;
				GCC_WARN_ABOUT_RETURN_TYPE = YES_ERROR;
				GCC_WARN_UNDECLARED_SELECTOR = YES;
				GCC_WARN_UNINITIALIZED_AUTOS = YES_AGGRESSIVE;
				GCC_WARN_UNUSED_FUNCTION = YES;
				GCC_WARN_UNUSED_VARIABLE = YES;
				IPHONEOS_DEPLOYMENT_TARGET = 13.2;
				MTL_ENABLE_DEBUG_INFO = NO;
				MTL_FAST_MATH = YES;
				SDKROOT = iphoneos;
				SWIFT_COMPILATION_MODE = wholemodule;
				SWIFT_OPTIMIZATION_LEVEL = "-O";
				VALIDATE_PRODUCT = YES;
			};
			name = Release;
		};
		561A2B2E238381BA00AC7651 /* Debug */ = {
			isa = XCBuildConfiguration;
			buildSettings = {
				ASSETCATALOG_COMPILER_APPICON_NAME = AppIcon;
				CODE_SIGN_STYLE = Automatic;
				DEVELOPMENT_TEAM = 4ZMAMQ56VG;
				INFOPLIST_FILE = BathHouse/Info.plist;
				LD_RUNPATH_SEARCH_PATHS = (
					"$(inherited)",
					"@executable_path/Frameworks",
				);
				PRODUCT_BUNDLE_IDENTIFIER = "com.jes-yang.BathHouse";
				PRODUCT_NAME = "$(TARGET_NAME)";
				SWIFT_VERSION = 5.0;
				TARGETED_DEVICE_FAMILY = "1,2";
			};
			name = Debug;
		};
		561A2B2F238381BA00AC7651 /* Release */ = {
			isa = XCBuildConfiguration;
			buildSettings = {
				ASSETCATALOG_COMPILER_APPICON_NAME = AppIcon;
				CODE_SIGN_STYLE = Automatic;
				DEVELOPMENT_TEAM = 4ZMAMQ56VG;
				INFOPLIST_FILE = BathHouse/Info.plist;
				LD_RUNPATH_SEARCH_PATHS = (
					"$(inherited)",
					"@executable_path/Frameworks",
				);
				PRODUCT_BUNDLE_IDENTIFIER = "com.jes-yang.BathHouse";
				PRODUCT_NAME = "$(TARGET_NAME)";
				SWIFT_VERSION = 5.0;
				TARGETED_DEVICE_FAMILY = "1,2";
			};
			name = Release;
		};
/* End XCBuildConfiguration section */

/* Begin XCConfigurationList section */
		561A2B14238381B900AC7651 /* Build configuration list for PBXProject "BathHouse" */ = {
			isa = XCConfigurationList;
			buildConfigurations = (
				561A2B2B238381BA00AC7651 /* Debug */,
				561A2B2C238381BA00AC7651 /* Release */,
			);
			defaultConfigurationIsVisible = 0;
			defaultConfigurationName = Release;
		};
		561A2B2D238381BA00AC7651 /* Build configuration list for PBXNativeTarget "BathHouse" */ = {
			isa = XCConfigurationList;
			buildConfigurations = (
				561A2B2E238381BA00AC7651 /* Debug */,
				561A2B2F238381BA00AC7651 /* Release */,
			);
			defaultConfigurationIsVisible = 0;
			defaultConfigurationName = Release;
		};
/* End XCConfigurationList section */
	};
	rootObject = 561A2B11238381B800AC7651 /* Project object */;
}
